{
    "_readme": [
        "This file locks the dependencies of your project to a known state",
        "Read more about it at https://getcomposer.org/doc/01-basic-usage.md#composer-lock-the-lock-file",
        "This file is @generated automatically"
    ],
    "hash": "e4c880eb0330e41b6ece2e667b0958e8",
    "content-hash": "5b4a01f670a910b3e1668c3ff11b31bf",
    "packages": [
        {
            "name": "composer/installers",
            "version": "v1.2.0",
            "source": {
                "type": "git",
                "url": "https://github.com/composer/installers.git",
                "reference": "d78064c68299743e0161004f2de3a0204e33b804"
            },
            "dist": {
                "type": "zip",
                "url": "https://api.github.com/repos/composer/installers/zipball/d78064c68299743e0161004f2de3a0204e33b804",
                "reference": "d78064c68299743e0161004f2de3a0204e33b804",
                "shasum": ""
            },
            "require": {
                "composer-plugin-api": "^1.0"
            },
            "replace": {
                "roundcube/plugin-installer": "*",
                "shama/baton": "*"
            },
            "require-dev": {
                "composer/composer": "1.0.*@dev",
                "phpunit/phpunit": "4.1.*"
            },
            "type": "composer-plugin",
            "extra": {
                "class": "Composer\\Installers\\Plugin",
                "branch-alias": {
                    "dev-master": "1.0-dev"
                }
            },
            "autoload": {
                "psr-4": {
                    "Composer\\Installers\\": "src/Composer/Installers"
                }
            },
            "notification-url": "https://packagist.org/downloads/",
            "license": [
                "MIT"
            ],
            "authors": [
                {
                    "name": "Kyle Robinson Young",
                    "email": "kyle@dontkry.com",
                    "homepage": "https://github.com/shama"
                }
            ],
            "description": "A multi-framework Composer library installer",
            "homepage": "https://composer.github.io/installers/",
            "keywords": [
                "Craft",
                "Dolibarr",
                "Hurad",
                "ImageCMS",
                "MODX Evo",
                "Mautic",
                "OXID",
                "Plentymarkets",
                "RadPHP",
                "SMF",
                "Thelia",
                "WolfCMS",
                "agl",
                "aimeos",
                "annotatecms",
                "attogram",
                "bitrix",
                "cakephp",
                "chef",
                "cockpit",
                "codeigniter",
                "concrete5",
                "croogo",
                "dokuwiki",
                "drupal",
                "elgg",
                "expressionengine",
                "fuelphp",
                "grav",
                "installer",
                "joomla",
                "kohana",
                "laravel",
                "lithium",
                "magento",
                "mako",
                "mediawiki",
                "modulework",
                "moodle",
                "phpbb",
                "piwik",
                "ppi",
                "puppet",
                "reindex",
                "roundcube",
                "shopware",
                "silverstripe",
                "symfony",
                "typo3",
                "wordpress",
                "yawik",
                "zend",
                "zikula"
            ],
            "time": "2016-08-13 20:53:52"
        },
        {
            "name": "pfefferle/wordpress-semantic-linkbacks",
            "version": "3.2.0",
            "source": {
                "type": "git",
                "url": "https://github.com/pfefferle/wordpress-semantic-linkbacks.git",
                "reference": "3356a6847e199aeb85ceb0d1d302d97399f51eba"
            },
            "dist": {
                "type": "zip",
                "url": "https://api.github.com/repos/pfefferle/wordpress-semantic-linkbacks/zipball/3356a6847e199aeb85ceb0d1d302d97399f51eba",
                "reference": "3356a6847e199aeb85ceb0d1d302d97399f51eba",
                "shasum": ""
            },
            "type": "library",
            "notification-url": "https://packagist.org/downloads/"
        },
        {
            "name": "pfefferle/wordpress-webmention",
            "version": "3.1.0",
            "source": {
                "type": "git",
                "url": "https://github.com/pfefferle/wordpress-webmention.git",
                "reference": "382b1e4552f8fccc12a7b4375d36cbfb1ecdfd27"
            },
            "dist": {
                "type": "zip",
                "url": "https://api.github.com/repos/pfefferle/wordpress-webmention/zipball/382b1e4552f8fccc12a7b4375d36cbfb1ecdfd27",
                "reference": "382b1e4552f8fccc12a7b4375d36cbfb1ecdfd27",
                "shasum": ""
            },
            "require": {
                "composer/installers": "~1.0",
                "php": ">=5.6.0"
            },
            "require-dev": {
                "phpunit/phpunit": "5.5.*"
            },
            "type": "wordpress-plugin",
            "extra": {
                "installer-name": "webmention"
            },
            "notification-url": "https://packagist.org/downloads/",
            "license": [
                "MIT"
            ],
            "authors": [
                {
                    "name": "Matthias Pfefferle",
                    "homepage": "http://notizblog.org"
                }
            ],
            "description": "A Webmention plugin for WordPress http://wordpress.org/plugins/webmention/",
            "time": "2017-02-05 13:12:50"
        },
        {
            "name": "pfefferle/wordpress-webmention-for-comments",
            "version": "1.0.1",
            "source": {
                "type": "git",
                "url": "https://github.com/pfefferle/wordpress-webmention-for-comments.git",
                "reference": "57913d87d15dad87c3cc61331907724b9c319387"
            },
            "dist": {
                "type": "zip",
                "url": "https://api.github.com/repos/pfefferle/wordpress-webmention-for-comments/zipball/57913d87d15dad87c3cc61331907724b9c319387",
                "reference": "57913d87d15dad87c3cc61331907724b9c319387",
                "shasum": ""
            },
            "require": {
                "composer/installers": "~1.0",
                "php": ">=5.6.0"
            },
            "type": "wordpress-plugin",
            "extra": {
                "installer-name": "webmention-for-comments"
            },
            "notification-url": "https://packagist.org/downloads/",
            "license": [
                "MIT"
            ],
            "authors": [
                {
                    "name": "Matthias Pfefferle",
                    "homepage": "http://notiz.blog"
                }
            ],
            "description": "Webmention support for (threaded) comments",
            "time": "2017-01-20 21:47:20"
        }
    ],
    "packages-dev": [],
    "aliases": [],
    "minimum-stability": "stable",
    "stability-flags": [],
    "prefer-stable": false,
    "prefer-lowest": false,
    "platform": [],
    "platform-dev": []
}
